
Microsoft Visual Studio Solution File, Format Version 12.00
# Visual Studio 15
VisualStudioVersion = 15.0.27729.1
MinimumVisualStudioVersion = 10.0.40219.1
Project("{FAE04EC0-301F-11D3-BF4B-00C04F79EFBC}") = "transfer", "transfer\transfer.csproj", "{B2BAB440-3C27-40E0-AFBD-8D8CD1233D20}"
EndProject
Global
	GlobalSection(SolutionConfigurationPlatforms) = preSolution
		Debug|Any CPU = Debug|Any CPU
		Release|Any CPU = Release|Any CPU
	EndGlobalSection
	GlobalSection(ProjectConfigurationPlatforms) = postSolution
		{B2BAB440-3C27-40E0-AFBD-8D8CD1233D20}.Debug|Any CPU.ActiveCfg = Debug|Any CPU
		{B2BAB440-3C27-40E0-AFBD-8D8CD1233D20}.Debug|Any CPU.Build.0 = Debug|Any CPU
		{B2BAB440-3C27-40E0-AFBD-8D8CD1233D20}.Release|Any CPU.ActiveCfg = Release|Any CPU
		{B2BAB440-3C27-40E0-AFBD-8D8CD1233D20}.Release|Any CPU.Build.0 = Release|Any CPU
	EndGlobalSection
	GlobalSection(SolutionProperties) = preSolution
		HideSolutionNode = FALSE
	EndGlobalSection
	GlobalSection(ExtensibilityGlobals) = postSolution
		SolutionGuid = {32115C77-B818-4B04-BD30-9CCC419238BC}
	EndGlobalSection
EndGlobal
